
Microsoft Visual Studio Solution File, Format Version 12.00
# Visual Studio Version 17
VisualStudioVersion = 17.7.34031.279
MinimumVisualStudioVersion = 10.0.40219.1
Project("{E24C65DC-7377-472B-9ABA-BC803B73C61A}") = "API", ".", "{4D47E73A-9350-4833-9D4A-566EB816C390}"
	ProjectSection(WebsiteProperties) = preProject
		TargetFrameworkMoniker = ".NETFramework,Version%3Dv4.8"
		Debug.AspNetCompiler.VirtualPath = "/localhost_50248"
		Debug.AspNetCompiler.PhysicalPath = "..\BookingManagementApp\API\"
		Debug.AspNetCompiler.TargetPath = "PrecompiledWeb\localhost_50248\"
		Debug.AspNetCompiler.Updateable = "true"
		Debug.AspNetCompiler.ForceOverwrite = "true"
		Debug.AspNetCompiler.FixedNames = "false"
		Debug.AspNetCompiler.Debug = "True"
		Release.AspNetCompiler.VirtualPath = "/localhost_50248"
		Release.AspNetCompiler.PhysicalPath = "..\BookingManagementApp\API\"
		Release.AspNetCompiler.TargetPath = "PrecompiledWeb\localhost_50248\"
		Release.AspNetCompiler.Updateable = "true"
		Release.AspNetCompiler.ForceOverwrite = "true"
		Release.AspNetCompiler.FixedNames = "false"
		Release.AspNetCompiler.Debug = "False"
		VWDPort = "50248"
	EndProjectSection
EndProject
Global
	GlobalSection(SolutionConfigurationPlatforms) = preSolution
		Debug|Any CPU = Debug|Any CPU
	EndGlobalSection
	GlobalSection(ProjectConfigurationPlatforms) = postSolution
		{4D47E73A-9350-4833-9D4A-566EB816C390}.Debug|Any CPU.ActiveCfg = Debug|Any CPU
		{4D47E73A-9350-4833-9D4A-566EB816C390}.Debug|Any CPU.Build.0 = Debug|Any CPU
	EndGlobalSection
	GlobalSection(SolutionProperties) = preSolution
		HideSolutionNode = FALSE
	EndGlobalSection
	GlobalSection(ExtensibilityGlobals) = postSolution
		SolutionGuid = {B3128EFD-CFBA-481F-B080-BEC7F03CA2BF}
	EndGlobalSection
EndGlobal
